// !$*UTF8*$!
{
	archiveVersion = 1;
	classes = {
	};
	objectVersion = 46;
	objects = {

/* Begin PBXBuildFile section */
		D0CCC4461C5E626200656C75 /* AppDelegate.swift in Sources */ = {isa = PBXBuildFile; fileRef = D0CCC4451C5E626200656C75 /* AppDelegate.swift */; };
		D0CCC4481C5E626200656C75 /* ViewController.swift in Sources */ = {isa = PBXBuildFile; fileRef = D0CCC4471C5E626200656C75 /* ViewController.swift */; };
		D0CCC44B1C5E626200656C75 /* Main.storyboard in Resources */ = {isa = PBXBuildFile; fileRef = D0CCC4491C5E626200656C75 /* Main.storyboard */; };
		D0CCC44D1C5E626200656C75 /* Assets.xcassets in Resources */ = {isa = PBXBuildFile; fileRef = D0CCC44C1C5E626200656C75 /* Assets.xcassets */; };
		D0CCC4501C5E626300656C75 /* LaunchScreen.storyboard in Resources */ = {isa = PBXBuildFile; fileRef = D0CCC44E1C5E626300656C75 /* LaunchScreen.storyboard */; };
		D0CCC45B1C5E626300656C75 /* CountAppTests.swift in Sources */ = {isa = PBXBuildFile; fileRef = D0CCC45A1C5E626300656C75 /* CountAppTests.swift */; };
		D0CCC4661C5E626300656C75 /* CountAppUITests.swift in Sources */ = {isa = PBXBuildFile; fileRef = D0CCC4651C5E626300656C75 /* CountAppUITests.swift */; };
		D0CCC4761C6044AE00656C75 /* choco.jpg in Resources */ = {isa = PBXBuildFile; fileRef = D0CCC4751C6044AE00656C75 /* choco.jpg */; };
		D0CCC4781C6046B100656C75 /* choco1.jpg in Resources */ = {isa = PBXBuildFile; fileRef = D0CCC4771C6046B100656C75 /* choco1.jpg */; };
		D0CCC47A1C60A9C300656C75 /* choco.gif in Resources */ = {isa = PBXBuildFile; fileRef = D0CCC4791C60A9C300656C75 /* choco.gif */; };
		D0CCC47E1C60D54A00656C75 /* dumbbell.gif in Resources */ = {isa = PBXBuildFile; fileRef = D0CCC47D1C60D54A00656C75 /* dumbbell.gif */; };
		D0CCC4801C60DD3100656C75 /* oval.gif in Resources */ = {isa = PBXBuildFile; fileRef = D0CCC47F1C60DD3100656C75 /* oval.gif */; };
		D0CCC4821C60E57500656C75 /* choco2.gif in Resources */ = {isa = PBXBuildFile; fileRef = D0CCC4811C60E57500656C75 /* choco2.gif */; };
		D0CCC4841C60EE5700656C75 /* baymax.gif in Resources */ = {isa = PBXBuildFile; fileRef = D0CCC4831C60EE5700656C75 /* baymax.gif */; };
		D0CCC4861C60F23900656C75 /* baymax2.gif in Resources */ = {isa = PBXBuildFile; fileRef = D0CCC4851C60F23900656C75 /* baymax2.gif */; };
		D0CCC4881C60FB3D00656C75 /* baymax3.gif in Resources */ = {isa = PBXBuildFile; fileRef = D0CCC4871C60FB3D00656C75 /* baymax3.gif */; };
		D0CCC48C1C60FB5700656C75 /* baymaxFin.gif in Resources */ = {isa = PBXBuildFile; fileRef = D0CCC48B1C60FB5700656C75 /* baymaxFin.gif */; };
		D0CCC48E1C60FD2700656C75 /* baymax4.gif in Resources */ = {isa = PBXBuildFile; fileRef = D0CCC48D1C60FD2700656C75 /* baymax4.gif */; };
		D0CCC4901C62249B00656C75 /* fukidashi.gif in Resources */ = {isa = PBXBuildFile; fileRef = D0CCC48F1C62249B00656C75 /* fukidashi.gif */; };
/* End PBXBuildFile section */

/* Begin PBXContainerItemProxy section */
		D0CCC4571C5E626300656C75 /* PBXContainerItemProxy */ = {
			isa = PBXContainerItemProxy;
			containerPortal = D0CCC43A1C5E626200656C75 /* Project object */;
			proxyType = 1;
			remoteGlobalIDString = D0CCC4411C5E626200656C75;
			remoteInfo = CountApp;
		};
		D0CCC4621C5E626300656C75 /* PBXContainerItemProxy */ = {
			isa = PBXContainerItemProxy;
			containerPortal = D0CCC43A1C5E626200656C75 /* Project object */;
			proxyType = 1;
			remoteGlobalIDString = D0CCC4411C5E626200656C75;
			remoteInfo = CountApp;
		};
/* End PBXContainerItemProxy section */

/* Begin PBXFileReference section */
		D0CCC4421C5E626200656C75 /* CountApp.app */ = {isa = PBXFileReference; explicitFileType = wrapper.application; includeInIndex = 0; path = CountApp.app; sourceTree = BUILT_PRODUCTS_DIR; };
		D0CCC4451C5E626200656C75 /* AppDelegate.swift */ = {isa = PBXFileReference; lastKnownFileType = sourcecode.swift; path = AppDelegate.swift; sourceTree = "<group>"; };
		D0CCC4471C5E626200656C75 /* ViewController.swift */ = {isa = PBXFileReference; lastKnownFileType = sourcecode.swift; path = ViewController.swift; sourceTree = "<group>"; };
		D0CCC44A1C5E626200656C75 /* Base */ = {isa = PBXFileReference; lastKnownFileType = file.storyboard; name = Base; path = Base.lproj/Main.storyboard; sourceTree = "<group>"; };
		D0CCC44C1C5E626200656C75 /* Assets.xcassets */ = {isa = PBXFileReference; lastKnownFileType = folder.assetcatalog; path = Assets.xcassets; sourceTree = "<group>"; };
		D0CCC44F1C5E626300656C75 /* Base */ = {isa = PBXFileReference; lastKnownFileType = file.storyboard; name = Base; path = Base.lproj/LaunchScreen.storyboard; sourceTree = "<group>"; };
		D0CCC4511C5E626300656C75 /* Info.plist */ = {isa = PBXFileReference; lastKnownFileType = text.plist.xml; path = Info.plist; sourceTree = "<group>"; };
		D0CCC4561C5E626300656C75 /* CountAppTests.xctest */ = {isa = PBXFileReference; explicitFileType = wrapper.cfbundle; includeInIndex = 0; path = CountAppTests.xctest; sourceTree = BUILT_PRODUCTS_DIR; };
		D0CCC45A1C5E626300656C75 /* CountAppTests.swift */ = {isa = PBXFileReference; lastKnownFileType = sourcecode.swift; path = CountAppTests.swift; sourceTree = "<group>"; };
		D0CCC45C1C5E626300656C75 /* Info.plist */ = {isa = PBXFileReference; lastKnownFileType = text.plist.xml; path = Info.plist; sourceTree = "<group>"; };
		D0CCC4611C5E626300656C75 /* CountAppUITests.xctest */ = {isa = PBXFileReference; explicitFileType = wrapper.cfbundle; includeInIndex = 0; path = CountAppUITests.xctest; sourceTree = BUILT_PRODUCTS_DIR; };
		D0CCC4651C5E626300656C75 /* CountAppUITests.swift */ = {isa = PBXFileReference; lastKnownFileType = sourcecode.swift; path = CountAppUITests.swift; sourceTree = "<group>"; };
		D0CCC4671C5E626300656C75 /* Info.plist */ = {isa = PBXFileReference; lastKnownFileType = text.plist.xml; path = Info.plist; sourceTree = "<group>"; };
		D0CCC4751C6044AE00656C75 /* choco.jpg */ = {isa = PBXFileReference; lastKnownFileType = image.jpeg; name = choco.jpg; path = "../../Life is Tech!/choco.jpg"; sourceTree = "<group>"; };
		D0CCC4771C6046B100656C75 /* choco1.jpg */ = {isa = PBXFileReference; lastKnownFileType = image.jpeg; name = choco1.jpg; path = "../../Life is Tech!/choco1.jpg"; sourceTree = "<group>"; };
		D0CCC4791C60A9C300656C75 /* choco.gif */ = {isa = PBXFileReference; lastKnownFileType = image.gif; name = choco.gif; path = "../../Life is Tech!/choco.gif"; sourceTree = "<group>"; };
		D0CCC47D1C60D54A00656C75 /* dumbbell.gif */ = {isa = PBXFileReference; lastKnownFileType = image.gif; name = dumbbell.gif; path = "../../Life is Tech!/dumbbell.gif"; sourceTree = "<group>"; };
		D0CCC47F1C60DD3100656C75 /* oval.gif */ = {isa = PBXFileReference; lastKnownFileType = image.gif; name = oval.gif; path = "../../Life is Tech!/oval.gif"; sourceTree = "<group>"; };
		D0CCC4811C60E57500656C75 /* choco2.gif */ = {isa = PBXFileReference; lastKnownFileType = image.gif; name = choco2.gif; path = "../../Life is Tech!/choco2.gif"; sourceTree = "<group>"; };
		D0CCC4831C60EE5700656C75 /* baymax.gif */ = {isa = PBXFileReference; lastKnownFileType = image.gif; name = baymax.gif; path = "../../Life is Tech!/baymax.gif"; sourceTree = "<group>"; };
		D0CCC4851C60F23900656C75 /* baymax2.gif */ = {isa = PBXFileReference; lastKnownFileType = image.gif; name = baymax2.gif; path = "../../Life is Tech!/baymax2.gif"; sourceTree = "<group>"; };
		D0CCC4871C60FB3D00656C75 /* baymax3.gif */ = {isa = PBXFileReference; lastKnownFileType = image.gif; name = baymax3.gif; path = "../../Life is Tech!/baymax3.gif"; sourceTree = "<group>"; };
		D0CCC48B1C60FB5700656C75 /* baymaxFin.gif */ = {isa = PBXFileReference; lastKnownFileType = image.gif; name = baymaxFin.gif; path = "../../Life is Tech!/baymaxFin.gif"; sourceTree = "<group>"; };
		D0CCC48D1C60FD2700656C75 /* baymax4.gif */ = {isa = PBXFileReference; lastKnownFileType = image.gif; name = baymax4.gif; path = "../../Life is Tech!/baymax4.gif"; sourceTree = "<group>"; };
		D0CCC48F1C62249B00656C75 /* fukidashi.gif */ = {isa = PBXFileReference; lastKnownFileType = image.gif; name = fukidashi.gif; path = "../../Life is Tech!/fukidashi.gif"; sourceTree = "<group>"; };
/* End PBXFileReference section */

/* Begin PBXFrameworksBuildPhase section */
		D0CCC43F1C5E626200656C75 /* Frameworks */ = {
			isa = PBXFrameworksBuildPhase;
			buildActionMask = 2147483647;
			files = (
			);
			runOnlyForDeploymentPostprocessing = 0;
		};
		D0CCC4531C5E626300656C75 /* Frameworks */ = {
			isa = PBXFrameworksBuildPhase;
			buildActionMask = 2147483647;
			files = (
			);
			runOnlyForDeploymentPostprocessing = 0;
		};
		D0CCC45E1C5E626300656C75 /* Frameworks */ = {
			isa = PBXFrameworksBuildPhase;
			buildActionMask = 2147483647;
			files = (
			);
			runOnlyForDeploymentPostprocessing = 0;
		};
/* End PBXFrameworksBuildPhase section */

/* Begin PBXGroup section */
		D0CCC4391C5E626200656C75 = {
			isa = PBXGroup;
			children = (
				D0CCC4441C5E626200656C75 /* CountApp */,
				D0CCC4591C5E626300656C75 /* CountAppTests */,
				D0CCC4641C5E626300656C75 /* CountAppUITests */,
				D0CCC4431C5E626200656C75 /* Products */,
			);
			sourceTree = "<group>";
		};
		D0CCC4431C5E626200656C75 /* Products */ = {
			isa = PBXGroup;
			children = (
				D0CCC4421C5E626200656C75 /* CountApp.app */,
				D0CCC4561C5E626300656C75 /* CountAppTests.xctest */,
				D0CCC4611C5E626300656C75 /* CountAppUITests.xctest */,
			);
			name = Products;
			sourceTree = "<group>";
		};
		D0CCC4441C5E626200656C75 /* CountApp */ = {
			isa = PBXGroup;
			children = (
				D0CCC48F1C62249B00656C75 /* fukidashi.gif */,
				D0CCC48D1C60FD2700656C75 /* baymax4.gif */,
				D0CCC48B1C60FB5700656C75 /* baymaxFin.gif */,
				D0CCC4871C60FB3D00656C75 /* baymax3.gif */,
				D0CCC4851C60F23900656C75 /* baymax2.gif */,
				D0CCC4831C60EE5700656C75 /* baymax.gif */,
				D0CCC4811C60E57500656C75 /* choco2.gif */,
				D0CCC47F1C60DD3100656C75 /* oval.gif */,
				D0CCC47D1C60D54A00656C75 /* dumbbell.gif */,
				D0CCC4791C60A9C300656C75 /* choco.gif */,
				D0CCC4771C6046B100656C75 /* choco1.jpg */,
				D0CCC4751C6044AE00656C75 /* choco.jpg */,
				D0CCC4451C5E626200656C75 /* AppDelegate.swift */,
				D0CCC4471C5E626200656C75 /* ViewController.swift */,
				D0CCC4491C5E626200656C75 /* Main.storyboard */,
				D0CCC44C1C5E626200656C75 /* Assets.xcassets */,
				D0CCC44E1C5E626300656C75 /* LaunchScreen.storyboard */,
				D0CCC4511C5E626300656C75 /* Info.plist */,
			);
			path = CountApp;
			sourceTree = "<group>";
		};
		D0CCC4591C5E626300656C75 /* CountAppTests */ = {
			isa = PBXGroup;
			children = (
				D0CCC45A1C5E626300656C75 /* CountAppTests.swift */,
				D0CCC45C1C5E626300656C75 /* Info.plist */,
			);
			path = CountAppTests;
			sourceTree = "<group>";
		};
		D0CCC4641C5E626300656C75 /* CountAppUITests */ = {
			isa = PBXGroup;
			children = (
				D0CCC4651C5E626300656C75 /* CountAppUITests.swift */,
				D0CCC4671C5E626300656C75 /* Info.plist */,
			);
			path = CountAppUITests;
			sourceTree = "<group>";
		};
/* End PBXGroup section */

/* Begin PBXNativeTarget section */
		D0CCC4411C5E626200656C75 /* CountApp */ = {
			isa = PBXNativeTarget;
			buildConfigurationList = D0CCC46A1C5E626300656C75 /* Build configuration list for PBXNativeTarget "CountApp" */;
			buildPhases = (
				D0CCC43E1C5E626200656C75 /* Sources */,
				D0CCC43F1C5E626200656C75 /* Frameworks */,
				D0CCC4401C5E626200656C75 /* Resources */,
			);
			buildRules = (
			);
			dependencies = (
			);
			name = CountApp;
			productName = CountApp;
			productReference = D0CCC4421C5E626200656C75 /* CountApp.app */;
			productType = "com.apple.product-type.application";
		};
		D0CCC4551C5E626300656C75 /* CountAppTests */ = {
			isa = PBXNativeTarget;
			buildConfigurationList = D0CCC46D1C5E626300656C75 /* Build configuration list for PBXNativeTarget "CountAppTests" */;
			buildPhases = (
				D0CCC4521C5E626300656C75 /* Sources */,
				D0CCC4531C5E626300656C75 /* Frameworks */,
				D0CCC4541C5E626300656C75 /* Resources */,
			);
			buildRules = (
			);
			dependencies = (
				D0CCC4581C5E626300656C75 /* PBXTargetDependency */,
			);
			name = CountAppTests;
			productName = CountAppTests;
			productReference = D0CCC4561C5E626300656C75 /* CountAppTests.xctest */;
			productType = "com.apple.product-type.bundle.unit-test";
		};
		D0CCC4601C5E626300656C75 /* CountAppUITests */ = {
			isa = PBXNativeTarget;
			buildConfigurationList = D0CCC4701C5E626300656C75 /* Build configuration list for PBXNativeTarget "CountAppUITests" */;
			buildPhases = (
				D0CCC45D1C5E626300656C75 /* Sources */,
				D0CCC45E1C5E626300656C75 /* Frameworks */,
				D0CCC45F1C5E626300656C75 /* Resources */,
			);
			buildRules = (
			);
			dependencies = (
				D0CCC4631C5E626300656C75 /* PBXTargetDependency */,
			);
			name = CountAppUITests;
			productName = CountAppUITests;
			productReference = D0CCC4611C5E626300656C75 /* CountAppUITests.xctest */;
			productType = "com.apple.product-type.bundle.ui-testing";
		};
/* End PBXNativeTarget section */

/* Begin PBXProject section */
		D0CCC43A1C5E626200656C75 /* Project object */ = {
			isa = PBXProject;
			attributes = {
				LastSwiftUpdateCheck = 0720;
				LastUpgradeCheck = 0720;
				ORGANIZATIONNAME = "SEKINE YURI";
				TargetAttributes = {
					D0CCC4411C5E626200656C75 = {
						CreatedOnToolsVersion = 7.2;
					};
					D0CCC4551C5E626300656C75 = {
						CreatedOnToolsVersion = 7.2;
						TestTargetID = D0CCC4411C5E626200656C75;
					};
					D0CCC4601C5E626300656C75 = {
						CreatedOnToolsVersion = 7.2;
						TestTargetID = D0CCC4411C5E626200656C75;
					};
				};
			};
			buildConfigurationList = D0CCC43D1C5E626200656C75 /* Build configuration list for PBXProject "CountApp" */;
			compatibilityVersion = "Xcode 3.2";
			developmentRegion = English;
			hasScannedForEncodings = 0;
			knownRegions = (
				en,
				Base,
			);
			mainGroup = D0CCC4391C5E626200656C75;
			productRefGroup = D0CCC4431C5E626200656C75 /* Products */;
			projectDirPath = "";
			projectRoot = "";
			targets = (
				D0CCC4411C5E626200656C75 /* CountApp */,
				D0CCC4551C5E626300656C75 /* CountAppTests */,
				D0CCC4601C5E626300656C75 /* CountAppUITests */,
			);
		};
/* End PBXProject section */

/* Begin PBXResourcesBuildPhase section */
		D0CCC4401C5E626200656C75 /* Resources */ = {
			isa = PBXResourcesBuildPhase;
			buildActionMask = 2147483647;
			files = (
				D0CCC4501C5E626300656C75 /* LaunchScreen.storyboard in Resources */,
				D0CCC44D1C5E626200656C75 /* Assets.xcassets in Resources */,
				D0CCC4861C60F23900656C75 /* baymax2.gif in Resources */,
				D0CCC4761C6044AE00656C75 /* choco.jpg in Resources */,
				D0CCC4881C60FB3D00656C75 /* baymax3.gif in Resources */,
				D0CCC47A1C60A9C300656C75 /* choco.gif in Resources */,
				D0CCC4821C60E57500656C75 /* choco2.gif in Resources */,
				D0CCC44B1C5E626200656C75 /* Main.storyboard in Resources */,
				D0CCC47E1C60D54A00656C75 /* dumbbell.gif in Resources */,
				D0CCC4801C60DD3100656C75 /* oval.gif in Resources */,
				D0CCC4841C60EE5700656C75 /* baymax.gif in Resources */,
				D0CCC48E1C60FD2700656C75 /* baymax4.gif in Resources */,
				D0CCC4901C62249B00656C75 /* fukidashi.gif in Resources */,
				D0CCC48C1C60FB5700656C75 /* baymaxFin.gif in Resources */,
				D0CCC4781C6046B100656C75 /* choco1.jpg in Resources */,
			);
			runOnlyForDeploymentPostprocessing = 0;
		};
		D0CCC4541C5E626300656C75 /* Resources */ = {
			isa = PBXResourcesBuildPhase;
			buildActionMask = 2147483647;
			files = (
			);
			runOnlyForDeploymentPostprocessing = 0;
		};
		D0CCC45F1C5E626300656C75 /* Resources */ = {
			isa = PBXResourcesBuildPhase;
			buildActionMask = 2147483647;
			files = (
			);
			runOnlyForDeploymentPostprocessing = 0;
		};
/* End PBXResourcesBuildPhase section */

/* Begin PBXSourcesBuildPhase section */
		D0CCC43E1C5E626200656C75 /* Sources */ = {
			isa = PBXSourcesBuildPhase;
			buildActionMask = 2147483647;
			files = (
				D0CCC4481C5E626200656C75 /* ViewController.swift in Sources */,
				D0CCC4461C5E626200656C75 /* AppDelegate.swift in Sources */,
			);
			runOnlyForDeploymentPostprocessing = 0;
		};
		D0CCC4521C5E626300656C75 /* Sources */ = {
			isa = PBXSourcesBuildPhase;
			buildActionMask = 2147483647;
			files = (
				D0CCC45B1C5E626300656C75 /* CountAppTests.swift in Sources */,
			);
			runOnlyForDeploymentPostprocessing = 0;
		};
		D0CCC45D1C5E626300656C75 /* Sources */ = {
			isa = PBXSourcesBuildPhase;
			buildActionMask = 2147483647;
			files = (
				D0CCC4661C5E626300656C75 /* CountAppUITests.swift in Sources */,
			);
			runOnlyForDeploymentPostprocessing = 0;
		};
/* End PBXSourcesBuildPhase section */

/* Begin PBXTargetDependency section */
		D0CCC4581C5E626300656C75 /* PBXTargetDependency */ = {
			isa = PBXTargetDependency;
			target = D0CCC4411C5E626200656C75 /* CountApp */;
			targetProxy = D0CCC4571C5E626300656C75 /* PBXContainerItemProxy */;
		};
		D0CCC4631C5E626300656C75 /* PBXTargetDependency */ = {
			isa = PBXTargetDependency;
			target = D0CCC4411C5E626200656C75 /* CountApp */;
			targetProxy = D0CCC4621C5E626300656C75 /* PBXContainerItemProxy */;
		};
/* End PBXTargetDependency section */

/* Begin PBXVariantGroup section */
		D0CCC4491C5E626200656C75 /* Main.storyboard */ = {
			isa = PBXVariantGroup;
			children = (
				D0CCC44A1C5E626200656C75 /* Base */,
			);
			name = Main.storyboard;
			sourceTree = "<group>";
		};
		D0CCC44E1C5E626300656C75 /* LaunchScreen.storyboard */ = {
			isa = PBXVariantGroup;
			children = (
				D0CCC44F1C5E626300656C75 /* Base */,
			);
			name = LaunchScreen.storyboard;
			sourceTree = "<group>";
		};
/* End PBXVariantGroup section */

/* Begin XCBuildConfiguration section */
		D0CCC4681C5E626300656C75 /* Debug */ = {
			isa = XCBuildConfiguration;
			buildSettings = {
				ALWAYS_SEARCH_USER_PATHS = NO;
				CLANG_CXX_LANGUAGE_STANDARD = "gnu++0x";
				CLANG_CXX_LIBRARY = "libc++";
				CLANG_ENABLE_MODULES = YES;
				CLANG_ENABLE_OBJC_ARC = YES;
				CLANG_WARN_BOOL_CONVERSION = YES;
				CLANG_WARN_CONSTANT_CONVERSION = YES;
				CLANG_WARN_DIRECT_OBJC_ISA_USAGE = YES_ERROR;
				CLANG_WARN_EMPTY_BODY = YES;
				CLANG_WARN_ENUM_CONVERSION = YES;
				CLANG_WARN_INT_CONVERSION = YES;
				CLANG_WARN_OBJC_ROOT_CLASS = YES_ERROR;
				CLANG_WARN_UNREACHABLE_CODE = YES;
				CLANG_WARN__DUPLICATE_METHOD_MATCH = YES;
				"CODE_SIGN_IDENTITY[sdk=iphoneos*]" = "iPhone Developer";
				COPY_PHASE_STRIP = NO;
				DEBUG_INFORMATION_FORMAT = dwarf;
				ENABLE_STRICT_OBJC_MSGSEND = YES;
				ENABLE_TESTABILITY = YES;
				GCC_C_LANGUAGE_STANDARD = gnu99;
				GCC_DYNAMIC_NO_PIC = NO;
				GCC_NO_COMMON_BLOCKS = YES;
				GCC_OPTIMIZATION_LEVEL = 0;
				GCC_PREPROCESSOR_DEFINITIONS = (
					"DEBUG=1",
					"$(inherited)",
				);
				GCC_WARN_64_TO_32_BIT_CONVERSION = YES;
				GCC_WARN_ABOUT_RETURN_TYPE = YES_ERROR;
				GCC_WARN_UNDECLARED_SELECTOR = YES;
				GCC_WARN_UNINITIALIZED_AUTOS = YES_AGGRESSIVE;
				GCC_WARN_UNUSED_FUNCTION = YES;
				GCC_WARN_UNUSED_VARIABLE = YES;
				IPHONEOS_DEPLOYMENT_TARGET = 9.2;
				MTL_ENABLE_DEBUG_INFO = YES;
				ONLY_ACTIVE_ARCH = YES;
				SDKROOT = iphoneos;
				SWIFT_OPTIMIZATION_LEVEL = "-Onone";
			};
			name = Debug;
		};
		D0CCC4691C5E626300656C75 /* Release */ = {
			isa = XCBuildConfiguration;
			buildSettings = {
				ALWAYS_SEARCH_USER_PATHS = NO;
				CLANG_CXX_LANGUAGE_STANDARD = "gnu++0x";
				CLANG_CXX_LIBRARY = "libc++";
				CLANG_ENABLE_MODULES = YES;
				CLANG_ENABLE_OBJC_ARC = YES;
				CLANG_WARN_BOOL_CONVERSION = YES;
				CLANG_WARN_CONSTANT_CONVERSION = YES;
				CLANG_WARN_DIRECT_OBJC_ISA_USAGE = YES_ERROR;
				CLANG_WARN_EMPTY_BODY = YES;
				CLANG_WARN_ENUM_CONVERSION = YES;
				CLANG_WARN_INT_CONVERSION = YES;
				CLANG_WARN_OBJC_ROOT_CLASS = YES_ERROR;
				CLANG_WARN_UNREACHABLE_CODE = YES;
				CLANG_WARN__DUPLICATE_METHOD_MATCH = YES;
				"CODE_SIGN_IDENTITY[sdk=iphoneos*]" = "iPhone Developer";
				COPY_PHASE_STRIP = NO;
				DEBUG_INFORMATION_FORMAT = "dwarf-with-dsym";
				ENABLE_NS_ASSERTIONS = NO;
				ENABLE_STRICT_OBJC_MSGSEND = YES;
				GCC_C_LANGUAGE_STANDARD = gnu99;
				GCC_NO_COMMON_BLOCKS = YES;
				GCC_WARN_64_TO_32_BIT_CONVERSION = YES;
				GCC_WARN_ABOUT_RETURN_TYPE = YES_ERROR;
				GCC_WARN_UNDECLARED_SELECTOR = YES;
				GCC_WARN_UNINITIALIZED_AUTOS = YES_AGGRESSIVE;
				GCC_WARN_UNUSED_FUNCTION = YES;
				GCC_WARN_UNUSED_VARIABLE = YES;
				IPHONEOS_DEPLOYMENT_TARGET = 9.2;
				MTL_ENABLE_DEBUG_INFO = NO;
				SDKROOT = iphoneos;
				VALIDATE_PRODUCT = YES;
			};
			name = Release;
		};
		D0CCC46B1C5E626300656C75 /* Debug */ = {
			isa = XCBuildConfiguration;
			buildSettings = {
				ASSETCATALOG_COMPILER_APPICON_NAME = AppIcon;
				INFOPLIST_FILE = CountApp/Info.plist;
				LD_RUNPATH_SEARCH_PATHS = "$(inherited) @executable_path/Frameworks";
				PRODUCT_BUNDLE_IDENTIFIER = com.sekine.CountApp;
				PRODUCT_NAME = "$(TARGET_NAME)";
			};
			name = Debug;
		};
		D0CCC46C1C5E626300656C75 /* Release */ = {
			isa = XCBuildConfiguration;
			buildSettings = {
				ASSETCATALOG_COMPILER_APPICON_NAME = AppIcon;
				INFOPLIST_FILE = CountApp/Info.plist;
				LD_RUNPATH_SEARCH_PATHS = "$(inherited) @executable_path/Frameworks";
				PRODUCT_BUNDLE_IDENTIFIER = com.sekine.CountApp;
				PRODUCT_NAME = "$(TARGET_NAME)";
			};
			name = Release;
		};
		D0CCC46E1C5E626300656C75 /* Debug */ = {
			isa = XCBuildConfiguration;
			buildSettings = {
				BUNDLE_LOADER = "$(TEST_HOST)";
				INFOPLIST_FILE = CountAppTests/Info.plist;
				LD_RUNPATH_SEARCH_PATHS = "$(inherited) @executable_path/Frameworks @loader_path/Frameworks";
				PRODUCT_BUNDLE_IDENTIFIER = com.sekine.CountAppTests;
				PRODUCT_NAME = "$(TARGET_NAME)";
				TEST_HOST = "$(BUILT_PRODUCTS_DIR)/CountApp.app/CountApp";
			};
			name = Debug;
		};
		D0CCC46F1C5E626300656C75 /* Release */ = {
			isa = XCBuildConfiguration;
			buildSettings = {
				BUNDLE_LOADER = "$(TEST_HOST)";
				INFOPLIST_FILE = CountAppTests/Info.plist;
				LD_RUNPATH_SEARCH_PATHS = "$(inherited) @executable_path/Frameworks @loader_path/Frameworks";
				PRODUCT_BUNDLE_IDENTIFIER = com.sekine.CountAppTests;
				PRODUCT_NAME = "$(TARGET_NAME)";
				TEST_HOST = "$(BUILT_PRODUCTS_DIR)/CountApp.app/CountApp";
			};
			name = Release;
		};
		D0CCC4711C5E626300656C75 /* Debug */ = {
			isa = XCBuildConfiguration;
			buildSettings = {
				INFOPLIST_FILE = CountAppUITests/Info.plist;
				LD_RUNPATH_SEARCH_PATHS = "$(inherited) @executable_path/Frameworks @loader_path/Frameworks";
				PRODUCT_BUNDLE_IDENTIFIER = com.sekine.CountAppUITests;
				PRODUCT_NAME = "$(TARGET_NAME)";
				TEST_TARGET_NAME = CountApp;
				USES_XCTRUNNER = YES;
			};
			name = Debug;
		};
		D0CCC4721C5E626300656C75 /* Release */ = {
			isa = XCBuildConfiguration;
			buildSettings = {
				INFOPLIST_FILE = CountAppUITests/Info.plist;
				LD_RUNPATH_SEARCH_PATHS = "$(inherited) @executable_path/Frameworks @loader_path/Frameworks";
				PRODUCT_BUNDLE_IDENTIFIER = com.sekine.CountAppUITests;
				PRODUCT_NAME = "$(TARGET_NAME)";
				TEST_TARGET_NAME = CountApp;
				USES_XCTRUNNER = YES;
			};
			name = Release;
		};
/* End XCBuildConfiguration section */

/* Begin XCConfigurationList section */
		D0CCC43D1C5E626200656C75 /* Build configuration list for PBXProject "CountApp" */ = {
			isa = XCConfigurationList;
			buildConfigurations = (
				D0CCC4681C5E626300656C75 /* Debug */,
				D0CCC4691C5E626300656C75 /* Release */,
			);
			defaultConfigurationIsVisible = 0;
			defaultConfigurationName = Release;
		};
		D0CCC46A1C5E626300656C75 /* Build configuration list for PBXNativeTarget "CountApp" */ = {
			isa = XCConfigurationList;
			buildConfigurations = (
				D0CCC46B1C5E626300656C75 /* Debug */,
				D0CCC46C1C5E626300656C75 /* Release */,
			);
			defaultConfigurationIsVisible = 0;
		};
		D0CCC46D1C5E626300656C75 /* Build configuration list for PBXNativeTarget "CountAppTests" */ = {
			isa = XCConfigurationList;
			buildConfigurations = (
				D0CCC46E1C5E626300656C75 /* Debug */,
				D0CCC46F1C5E626300656C75 /* Release */,
			);
			defaultConfigurationIsVisible = 0;
		};
		D0CCC4701C5E626300656C75 /* Build configuration list for PBXNativeTarget "CountAppUITests" */ = {
			isa = XCConfigurationList;
			buildConfigurations = (
				D0CCC4711C5E626300656C75 /* Debug */,
				D0CCC4721C5E626300656C75 /* Release */,
			);
			defaultConfigurationIsVisible = 0;
		};
/* End XCConfigurationList section */
	};
	rootObject = D0CCC43A1C5E626200656C75 /* Project object */;
}
